
Microsoft Visual Studio Solution File, Format Version 12.00
# Visual Studio Version 17
VisualStudioVersion = 17.3.32929.385
MinimumVisualStudioVersion = 10.0.40219.1
Project("{FAE04EC0-301F-11D3-BF4B-00C04F79EFBC}") = "PatronVisitor", "PatronVisitor.csproj", "{84F1D676-3653-4B28-A20F-A715459CDB66}"
EndProject
Global
	GlobalSection(SolutionConfigurationPlatforms) = preSolution
		Debug|Any CPU = Debug|Any CPU
		Release|Any CPU = Release|Any CPU
	EndGlobalSection
	GlobalSection(ProjectConfigurationPlatforms) = postSolution
		{84F1D676-3653-4B28-A20F-A715459CDB66}.Debug|Any CPU.ActiveCfg = Debug|Any CPU
		{84F1D676-3653-4B28-A20F-A715459CDB66}.Debug|Any CPU.Build.0 = Debug|Any CPU
		{84F1D676-3653-4B28-A20F-A715459CDB66}.Release|Any CPU.ActiveCfg = Release|Any CPU
		{84F1D676-3653-4B28-A20F-A715459CDB66}.Release|Any CPU.Build.0 = Release|Any CPU
	EndGlobalSection
	GlobalSection(SolutionProperties) = preSolution
		HideSolutionNode = FALSE
	EndGlobalSection
	GlobalSection(ExtensibilityGlobals) = postSolution
		SolutionGuid = {7C90E948-4E8D-4805-9CCA-AD884B1720E1}
	EndGlobalSection
EndGlobal
